
Microsoft Visual Studio Solution File, Format Version 12.00
# Visual Studio 15
VisualStudioVersion = 15.0.27130.2010
MinimumVisualStudioVersion = 10.0.40219.1
Project("{FAE04EC0-301F-11D3-BF4B-00C04F79EFBC}") = "BLEConsole", "BLEConsole\BLEConsole.csproj", "{284040F1-23CD-4E66-86BD-C754D201E520}"
EndProject
Global
	GlobalSection(SolutionConfigurationPlatforms) = preSolution
		Debug|Any CPU = Debug|Any CPU
		Release|Any CPU = Release|Any CPU
	EndGlobalSection
	GlobalSection(ProjectConfigurationPlatforms) = postSolution
		{284040F1-23CD-4E66-86BD-C754D201E520}.Debug|Any CPU.ActiveCfg = Debug|Any CPU
		{284040F1-23CD-4E66-86BD-C754D201E520}.Debug|Any CPU.Build.0 = Debug|Any CPU
		{284040F1-23CD-4E66-86BD-C754D201E520}.Release|Any CPU.ActiveCfg = Release|Any CPU
		{284040F1-23CD-4E66-86BD-C754D201E520}.Release|Any CPU.Build.0 = Release|Any CPU
	EndGlobalSection
	GlobalSection(SolutionProperties) = preSolution
		HideSolutionNode = FALSE
	EndGlobalSection
	GlobalSection(ExtensibilityGlobals) = postSolution
		SolutionGuid = {FA3D496F-7C98-47D6-A7BD-E3110EF35891}
	EndGlobalSection
EndGlobal
